
Microsoft Visual Studio Solution File, Format Version 12.00
# Visual Studio Version 17
VisualStudioVersion = 17.4.33122.133
MinimumVisualStudioVersion = 10.0.40219.1
Project("{FAE04EC0-301F-11D3-BF4B-00C04F79EFBC}") = "WHILE-Berechenbarkeit", "WHILE-Berechenbarkeit\WHILE-Berechenbarkeit.csproj", "{BAB642AB-4622-4759-80FF-CF9DD070EF40}"
EndProject
Global
	GlobalSection(SolutionConfigurationPlatforms) = preSolution
		Debug|Any CPU = Debug|Any CPU
		Release|Any CPU = Release|Any CPU
	EndGlobalSection
	GlobalSection(ProjectConfigurationPlatforms) = postSolution
		{BAB642AB-4622-4759-80FF-CF9DD070EF40}.Debug|Any CPU.ActiveCfg = Debug|Any CPU
		{BAB642AB-4622-4759-80FF-CF9DD070EF40}.Debug|Any CPU.Build.0 = Debug|Any CPU
		{BAB642AB-4622-4759-80FF-CF9DD070EF40}.Release|Any CPU.ActiveCfg = Release|Any CPU
		{BAB642AB-4622-4759-80FF-CF9DD070EF40}.Release|Any CPU.Build.0 = Release|Any CPU
	EndGlobalSection
	GlobalSection(SolutionProperties) = preSolution
		HideSolutionNode = FALSE
	EndGlobalSection
	GlobalSection(ExtensibilityGlobals) = postSolution
		SolutionGuid = {C8F47669-AFA3-402A-A2A8-6BBF642F7D13}
	EndGlobalSection
EndGlobal
